
Microsoft Visual Studio Solution File, Format Version 12.00
# Visual Studio Version 16
VisualStudioVersion = 16.0.31321.278
MinimumVisualStudioVersion = 10.0.40219.1
Project("{FAE04EC0-301F-11D3-BF4B-00C04F79EFBC}") = "WebApplicationPrueba", "WebApplicationPrueba.csproj", "{05316114-BD9D-496F-9C60-F8FEF633ED11}"
EndProject
Project("{FAE04EC0-301F-11D3-BF4B-00C04F79EFBC}") = "CapaConexion", "..\CapaConexion\CapaConexion.csproj", "{2B6ADFFF-9A22-41CD-88AF-0A76AC8104BD}"
EndProject
Project("{FAE04EC0-301F-11D3-BF4B-00C04F79EFBC}") = "CapaDomain", "..\CapaDomain\CapaDomain.csproj", "{89461625-7C32-4A94-B74F-A8AAF1A55512}"
EndProject
Project("{FAE04EC0-301F-11D3-BF4B-00C04F79EFBC}") = "CapaService", "..\CapaService\CapaService.csproj", "{15CCD713-F0C4-4A89-AD04-CD0DE1143EB8}"
EndProject
Project("{FAE04EC0-301F-11D3-BF4B-00C04F79EFBC}") = "CapaRepository", "..\CapaRepository\CapaRepository.csproj", "{6647728C-23F6-473F-88B3-E97E37BB7A22}"
EndProject
Global
	GlobalSection(SolutionConfigurationPlatforms) = preSolution
		Debug|Any CPU = Debug|Any CPU
		Release|Any CPU = Release|Any CPU
	EndGlobalSection
	GlobalSection(ProjectConfigurationPlatforms) = postSolution
		{05316114-BD9D-496F-9C60-F8FEF633ED11}.Debug|Any CPU.ActiveCfg = Debug|Any CPU
		{05316114-BD9D-496F-9C60-F8FEF633ED11}.Debug|Any CPU.Build.0 = Debug|Any CPU
		{05316114-BD9D-496F-9C60-F8FEF633ED11}.Release|Any CPU.ActiveCfg = Release|Any CPU
		{05316114-BD9D-496F-9C60-F8FEF633ED11}.Release|Any CPU.Build.0 = Release|Any CPU
		{2B6ADFFF-9A22-41CD-88AF-0A76AC8104BD}.Debug|Any CPU.ActiveCfg = Debug|Any CPU
		{2B6ADFFF-9A22-41CD-88AF-0A76AC8104BD}.Debug|Any CPU.Build.0 = Debug|Any CPU
		{2B6ADFFF-9A22-41CD-88AF-0A76AC8104BD}.Release|Any CPU.ActiveCfg = Release|Any CPU
		{2B6ADFFF-9A22-41CD-88AF-0A76AC8104BD}.Release|Any CPU.Build.0 = Release|Any CPU
		{89461625-7C32-4A94-B74F-A8AAF1A55512}.Debug|Any CPU.ActiveCfg = Debug|Any CPU
		{89461625-7C32-4A94-B74F-A8AAF1A55512}.Debug|Any CPU.Build.0 = Debug|Any CPU
		{89461625-7C32-4A94-B74F-A8AAF1A55512}.Release|Any CPU.ActiveCfg = Release|Any CPU
		{89461625-7C32-4A94-B74F-A8AAF1A55512}.Release|Any CPU.Build.0 = Release|Any CPU
		{15CCD713-F0C4-4A89-AD04-CD0DE1143EB8}.Debug|Any CPU.ActiveCfg = Debug|Any CPU
		{15CCD713-F0C4-4A89-AD04-CD0DE1143EB8}.Debug|Any CPU.Build.0 = Debug|Any CPU
		{15CCD713-F0C4-4A89-AD04-CD0DE1143EB8}.Release|Any CPU.ActiveCfg = Release|Any CPU
		{15CCD713-F0C4-4A89-AD04-CD0DE1143EB8}.Release|Any CPU.Build.0 = Release|Any CPU
		{6647728C-23F6-473F-88B3-E97E37BB7A22}.Debug|Any CPU.ActiveCfg = Debug|Any CPU
		{6647728C-23F6-473F-88B3-E97E37BB7A22}.Debug|Any CPU.Build.0 = Debug|Any CPU
		{6647728C-23F6-473F-88B3-E97E37BB7A22}.Release|Any CPU.ActiveCfg = Release|Any CPU
		{6647728C-23F6-473F-88B3-E97E37BB7A22}.Release|Any CPU.Build.0 = Release|Any CPU
	EndGlobalSection
	GlobalSection(SolutionProperties) = preSolution
		HideSolutionNode = FALSE
	EndGlobalSection
	GlobalSection(ExtensibilityGlobals) = postSolution
		SolutionGuid = {58F4D582-568F-4B6D-BE33-C863221C47CC}
	EndGlobalSection
EndGlobal
